// !$*UTF8*$!
{
	archiveVersion = 1;
	classes = {
	};
	objectVersion = 60;
	objects = {

/* Begin PBXBuildFile section */
		4843F3812B32C18300CA5DA8 /* GemTestApp.swift in Sources */ = {isa = PBXBuildFile; fileRef = 4843F3802B32C18300CA5DA8 /* GemTestApp.swift */; };
		4843F3832B32C18300CA5DA8 /* ContentView.swift in Sources */ = {isa = PBXBuildFile; fileRef = 4843F3822B32C18300CA5DA8 /* ContentView.swift */; };
		4843F3852B32C18400CA5DA8 /* Assets.xcassets in Resources */ = {isa = PBXBuildFile; fileRef = 4843F3842B32C18400CA5DA8 /* Assets.xcassets */; };
		4843F3882B32C18400CA5DA8 /* Preview Assets.xcassets in Resources */ = {isa = PBXBuildFile; fileRef = 4843F3872B32C18400CA5DA8 /* Preview Assets.xcassets */; };
		4843F3922B32C18400CA5DA8 /* GemTestTests.swift in Sources */ = {isa = PBXBuildFile; fileRef = 4843F3912B32C18400CA5DA8 /* GemTestTests.swift */; };
		4843F3AC2B32C1B300CA5DA8 /* Gemstone in Frameworks */ = {isa = PBXBuildFile; productRef = 4843F3AB2B32C1B300CA5DA8 /* Gemstone */; };
		DF024FDB2CBE71F00044D11F /* Provider.swift in Sources */ = {isa = PBXBuildFile; fileRef = DF024FDA2CBE71F00044D11F /* Provider.swift */; };
		DF0C08022CC89AD200D2A524 /* Data+Hex.swift in Sources */ = {isa = PBXBuildFile; fileRef = DF0C08012CC89ACD00D2A524 /* Data+Hex.swift */; };
		DF0C08052CCA661F00D2A524 /* URLRequest+Extension.swift in Sources */ = {isa = PBXBuildFile; fileRef = DF0C08042CCA661400D2A524 /* URLRequest+Extension.swift */; };
		DF0C080D2CD110B100D2A524 /* Gemstone+Extension.swift in Sources */ = {isa = PBXBuildFile; fileRef = DF0C080C2CD110B100D2A524 /* Gemstone+Extension.swift */; };
		DFA9A0642D51E920005B63B1 /* ViewModel.swift in Sources */ = {isa = PBXBuildFile; fileRef = DFA9A0632D51E91B005B63B1 /* ViewModel.swift */; };
		DFAA63872CFDD83A00413EFA /* SwapRequests.swift in Sources */ = {isa = PBXBuildFile; fileRef = DFAA63862CFDD83400413EFA /* SwapRequests.swift */; };
		DFAA63892D07EFBA00413EFA /* Cache.swift in Sources */ = {isa = PBXBuildFile; fileRef = DFAA63882D07EFB700413EFA /* Cache.swift */; };
		DFB382DC2D60532000738DE6 /* Swapper+Ext.swift in Sources */ = {isa = PBXBuildFile; fileRef = DFB382DB2D60530A00738DE6 /* Swapper+Ext.swift */; };
/* End PBXBuildFile section */

/* Begin PBXContainerItemProxy section */
		4843F38E2B32C18400CA5DA8 /* PBXContainerItemProxy */ = {
			isa = PBXContainerItemProxy;
			containerPortal = 4843F3752B32C18300CA5DA8 /* Project object */;
			proxyType = 1;
			remoteGlobalIDString = 4843F37C2B32C18300CA5DA8;
			remoteInfo = GemTest;
		};
/* End PBXContainerItemProxy section */

/* Begin PBXFileReference section */
		4843F37D2B32C18300CA5DA8 /* GemTest.app */ = {isa = PBXFileReference; explicitFileType = wrapper.application; includeInIndex = 0; path = GemTest.app; sourceTree = BUILT_PRODUCTS_DIR; };
		4843F3802B32C18300CA5DA8 /* GemTestApp.swift */ = {isa = PBXFileReference; lastKnownFileType = sourcecode.swift; path = GemTestApp.swift; sourceTree = "<group>"; };
		4843F3822B32C18300CA5DA8 /* ContentView.swift */ = {isa = PBXFileReference; lastKnownFileType = sourcecode.swift; path = ContentView.swift; sourceTree = "<group>"; };
		4843F3842B32C18400CA5DA8 /* Assets.xcassets */ = {isa = PBXFileReference; lastKnownFileType = folder.assetcatalog; path = Assets.xcassets; sourceTree = "<group>"; };
		4843F3872B32C18400CA5DA8 /* Preview Assets.xcassets */ = {isa = PBXFileReference; lastKnownFileType = folder.assetcatalog; path = "Preview Assets.xcassets"; sourceTree = "<group>"; };
		4843F38D2B32C18400CA5DA8 /* GemTestTests.xctest */ = {isa = PBXFileReference; explicitFileType = wrapper.cfbundle; includeInIndex = 0; path = GemTestTests.xctest; sourceTree = BUILT_PRODUCTS_DIR; };
		4843F3912B32C18400CA5DA8 /* GemTestTests.swift */ = {isa = PBXFileReference; lastKnownFileType = sourcecode.swift; path = GemTestTests.swift; sourceTree = "<group>"; };
		DF024FDA2CBE71F00044D11F /* Provider.swift */ = {isa = PBXFileReference; lastKnownFileType = sourcecode.swift; path = Provider.swift; sourceTree = "<group>"; };
		DF0C08012CC89ACD00D2A524 /* Data+Hex.swift */ = {isa = PBXFileReference; lastKnownFileType = sourcecode.swift; path = "Data+Hex.swift"; sourceTree = "<group>"; };
		DF0C08042CCA661400D2A524 /* URLRequest+Extension.swift */ = {isa = PBXFileReference; lastKnownFileType = sourcecode.swift; path = "URLRequest+Extension.swift"; sourceTree = "<group>"; };
		DF0C080C2CD110B100D2A524 /* Gemstone+Extension.swift */ = {isa = PBXFileReference; lastKnownFileType = sourcecode.swift; path = "Gemstone+Extension.swift"; sourceTree = "<group>"; };
		DFA9A0632D51E91B005B63B1 /* ViewModel.swift */ = {isa = PBXFileReference; lastKnownFileType = sourcecode.swift; path = ViewModel.swift; sourceTree = "<group>"; };
		DFAA63862CFDD83400413EFA /* SwapRequests.swift */ = {isa = PBXFileReference; lastKnownFileType = sourcecode.swift; path = SwapRequests.swift; sourceTree = "<group>"; };
		DFAA63882D07EFB700413EFA /* Cache.swift */ = {isa = PBXFileReference; lastKnownFileType = sourcecode.swift; path = Cache.swift; sourceTree = "<group>"; };
		DFB382DB2D60530A00738DE6 /* Swapper+Ext.swift */ = {isa = PBXFileReference; lastKnownFileType = sourcecode.swift; path = "Swapper+Ext.swift"; sourceTree = "<group>"; };
/* End PBXFileReference section */

/* Begin PBXFrameworksBuildPhase section */
		4843F37A2B32C18300CA5DA8 /* Frameworks */ = {
			isa = PBXFrameworksBuildPhase;
			buildActionMask = 2147483647;
			files = (
				4843F3AC2B32C1B300CA5DA8 /* Gemstone in Frameworks */,
			);
			runOnlyForDeploymentPostprocessing = 0;
		};
		4843F38A2B32C18400CA5DA8 /* Frameworks */ = {
			isa = PBXFrameworksBuildPhase;
			buildActionMask = 2147483647;
			files = (
			);
			runOnlyForDeploymentPostprocessing = 0;
		};
/* End PBXFrameworksBuildPhase section */

/* Begin PBXGroup section */
		4843F3742B32C18300CA5DA8 = {
			isa = PBXGroup;
			children = (
				4843F37F2B32C18300CA5DA8 /* GemTest */,
				4843F3902B32C18400CA5DA8 /* GemTestTests */,
				4843F37E2B32C18300CA5DA8 /* Products */,
			);
			sourceTree = "<group>";
		};
		4843F37E2B32C18300CA5DA8 /* Products */ = {
			isa = PBXGroup;
			children = (
				4843F37D2B32C18300CA5DA8 /* GemTest.app */,
				4843F38D2B32C18400CA5DA8 /* GemTestTests.xctest */,
			);
			name = Products;
			sourceTree = "<group>";
		};
		4843F37F2B32C18300CA5DA8 /* GemTest */ = {
			isa = PBXGroup;
			children = (
				DF0C08082CCA66B700D2A524 /* Extension */,
				DFA9A0652D51ECDF005B63B1 /* Networking */,
				4843F3822B32C18300CA5DA8 /* ContentView.swift */,
				DFA9A0632D51E91B005B63B1 /* ViewModel.swift */,
				DFAA63862CFDD83400413EFA /* SwapRequests.swift */,
				4843F3802B32C18300CA5DA8 /* GemTestApp.swift */,
				4843F3842B32C18400CA5DA8 /* Assets.xcassets */,
				4843F3862B32C18400CA5DA8 /* Preview Content */,
			);
			path = GemTest;
			sourceTree = "<group>";
		};
		4843F3862B32C18400CA5DA8 /* Preview Content */ = {
			isa = PBXGroup;
			children = (
				4843F3872B32C18400CA5DA8 /* Preview Assets.xcassets */,
			);
			path = "Preview Content";
			sourceTree = "<group>";
		};
		4843F3902B32C18400CA5DA8 /* GemTestTests */ = {
			isa = PBXGroup;
			children = (
				4843F3912B32C18400CA5DA8 /* GemTestTests.swift */,
			);
			path = GemTestTests;
			sourceTree = "<group>";
		};
		DF0C08082CCA66B700D2A524 /* Extension */ = {
			isa = PBXGroup;
			children = (
				DFB382DB2D60530A00738DE6 /* Swapper+Ext.swift */,
				DF0C080C2CD110B100D2A524 /* Gemstone+Extension.swift */,
				DF0C08042CCA661400D2A524 /* URLRequest+Extension.swift */,
				DF0C08012CC89ACD00D2A524 /* Data+Hex.swift */,
			);
			path = Extension;
			sourceTree = "<group>";
		};
		DFA9A0652D51ECDF005B63B1 /* Networking */ = {
			isa = PBXGroup;
			children = (
				DF024FDA2CBE71F00044D11F /* Provider.swift */,
				DFAA63882D07EFB700413EFA /* Cache.swift */,
			);
			path = Networking;
			sourceTree = "<group>";
		};
/* End PBXGroup section */

/* Begin PBXNativeTarget section */
		4843F37C2B32C18300CA5DA8 /* GemTest */ = {
			isa = PBXNativeTarget;
			buildConfigurationList = 4843F3A12B32C18400CA5DA8 /* Build configuration list for PBXNativeTarget "GemTest" */;
			buildPhases = (
				4843F3792B32C18300CA5DA8 /* Sources */,
				4843F37A2B32C18300CA5DA8 /* Frameworks */,
				4843F37B2B32C18300CA5DA8 /* Resources */,
			);
			buildRules = (
			);
			dependencies = (
			);
			name = GemTest;
			packageProductDependencies = (
				4843F3AB2B32C1B300CA5DA8 /* Gemstone */,
			);
			productName = GemTest;
			productReference = 4843F37D2B32C18300CA5DA8 /* GemTest.app */;
			productType = "com.apple.product-type.application";
		};
		4843F38C2B32C18400CA5DA8 /* GemTestTests */ = {
			isa = PBXNativeTarget;
			buildConfigurationList = 4843F3A42B32C18400CA5DA8 /* Build configuration list for PBXNativeTarget "GemTestTests" */;
			buildPhases = (
				4843F3892B32C18400CA5DA8 /* Sources */,
				4843F38A2B32C18400CA5DA8 /* Frameworks */,
				4843F38B2B32C18400CA5DA8 /* Resources */,
			);
			buildRules = (
			);
			dependencies = (
				4843F38F2B32C18400CA5DA8 /* PBXTargetDependency */,
			);
			name = GemTestTests;
			productName = GemTestTests;
			productReference = 4843F38D2B32C18400CA5DA8 /* GemTestTests.xctest */;
			productType = "com.apple.product-type.bundle.unit-test";
		};
/* End PBXNativeTarget section */

/* Begin PBXProject section */
		4843F3752B32C18300CA5DA8 /* Project object */ = {
			isa = PBXProject;
			attributes = {
				BuildIndependentTargetsInParallel = 1;
				LastSwiftUpdateCheck = 1500;
				LastUpgradeCheck = 1600;
				TargetAttributes = {
					4843F37C2B32C18300CA5DA8 = {
						CreatedOnToolsVersion = 15.0.1;
					};
					4843F38C2B32C18400CA5DA8 = {
						CreatedOnToolsVersion = 15.0.1;
						TestTargetID = 4843F37C2B32C18300CA5DA8;
					};
				};
			};
			buildConfigurationList = 4843F3782B32C18300CA5DA8 /* Build configuration list for PBXProject "GemTest" */;
			compatibilityVersion = "Xcode 14.0";
			developmentRegion = en;
			hasScannedForEncodings = 0;
			knownRegions = (
				en,
				Base,
			);
			mainGroup = 4843F3742B32C18300CA5DA8;
			packageReferences = (
				4843F3AA2B32C1B300CA5DA8 /* XCLocalSwiftPackageReference "../../../target/spm" */,
			);
			productRefGroup = 4843F37E2B32C18300CA5DA8 /* Products */;
			projectDirPath = "";
			projectRoot = "";
			targets = (
				4843F37C2B32C18300CA5DA8 /* GemTest */,
				4843F38C2B32C18400CA5DA8 /* GemTestTests */,
			);
		};
/* End PBXProject section */

/* Begin PBXResourcesBuildPhase section */
		4843F37B2B32C18300CA5DA8 /* Resources */ = {
			isa = PBXResourcesBuildPhase;
			buildActionMask = 2147483647;
			files = (
				4843F3882B32C18400CA5DA8 /* Preview Assets.xcassets in Resources */,
				4843F3852B32C18400CA5DA8 /* Assets.xcassets in Resources */,
			);
			runOnlyForDeploymentPostprocessing = 0;
		};
		4843F38B2B32C18400CA5DA8 /* Resources */ = {
			isa = PBXResourcesBuildPhase;
			buildActionMask = 2147483647;
			files = (
			);
			runOnlyForDeploymentPostprocessing = 0;
		};
/* End PBXResourcesBuildPhase section */

/* Begin PBXSourcesBuildPhase section */
		4843F3792B32C18300CA5DA8 /* Sources */ = {
			isa = PBXSourcesBuildPhase;
			buildActionMask = 2147483647;
			files = (
				DF0C08052CCA661F00D2A524 /* URLRequest+Extension.swift in Sources */,
				DFA9A0642D51E920005B63B1 /* ViewModel.swift in Sources */,
				4843F3832B32C18300CA5DA8 /* ContentView.swift in Sources */,
				DFB382DC2D60532000738DE6 /* Swapper+Ext.swift in Sources */,
				DFAA63892D07EFBA00413EFA /* Cache.swift in Sources */,
				DF024FDB2CBE71F00044D11F /* Provider.swift in Sources */,
				DF0C080D2CD110B100D2A524 /* Gemstone+Extension.swift in Sources */,
				DFAA63872CFDD83A00413EFA /* SwapRequests.swift in Sources */,
				4843F3812B32C18300CA5DA8 /* GemTestApp.swift in Sources */,
				DF0C08022CC89AD200D2A524 /* Data+Hex.swift in Sources */,
			);
			runOnlyForDeploymentPostprocessing = 0;
		};
		4843F3892B32C18400CA5DA8 /* Sources */ = {
			isa = PBXSourcesBuildPhase;
			buildActionMask = 2147483647;
			files = (
				4843F3922B32C18400CA5DA8 /* GemTestTests.swift in Sources */,
			);
			runOnlyForDeploymentPostprocessing = 0;
		};
/* End PBXSourcesBuildPhase section */

/* Begin PBXTargetDependency section */
		4843F38F2B32C18400CA5DA8 /* PBXTargetDependency */ = {
			isa = PBXTargetDependency;
			target = 4843F37C2B32C18300CA5DA8 /* GemTest */;
			targetProxy = 4843F38E2B32C18400CA5DA8 /* PBXContainerItemProxy */;
		};
/* End PBXTargetDependency section */

/* Begin XCBuildConfiguration section */
		4843F39F2B32C18400CA5DA8 /* Debug */ = {
			isa = XCBuildConfiguration;
			buildSettings = {
				ASSETCATALOG_COMPILER_GENERATE_SWIFT_ASSET_SYMBOL_EXTENSIONS = YES;
				CLANG_ANALYZER_NONNULL = YES;
				CLANG_ANALYZER_NUMBER_OBJECT_CONVERSION = YES_AGGRESSIVE;
				CLANG_CXX_LANGUAGE_STANDARD = "gnu++20";
				CLANG_ENABLE_MODULES = YES;
				CLANG_ENABLE_OBJC_ARC = YES;
				CLANG_ENABLE_OBJC_WEAK = YES;
				CLANG_WARN_BLOCK_CAPTURE_AUTORELEASING = YES;
				CLANG_WARN_BOOL_CONVERSION = YES;
				CLANG_WARN_COMMA = YES;
				CLANG_WARN_CONSTANT_CONVERSION = YES;
				CLANG_WARN_DEPRECATED_OBJC_IMPLEMENTATIONS = YES;
				CLANG_WARN_DIRECT_OBJC_ISA_USAGE = YES_ERROR;
				CLANG_WARN_DOCUMENTATION_COMMENTS = YES;
				CLANG_WARN_EMPTY_BODY = YES;
				CLANG_WARN_ENUM_CONVERSION = YES;
				CLANG_WARN_INFINITE_RECURSION = YES;
				CLANG_WARN_INT_CONVERSION = YES;
				CLANG_WARN_NON_LITERAL_NULL_CONVERSION = YES;
				CLANG_WARN_OBJC_IMPLICIT_RETAIN_SELF = YES;
				CLANG_WARN_OBJC_LITERAL_CONVERSION = YES;
				CLANG_WARN_OBJC_ROOT_CLASS = YES_ERROR;
				CLANG_WARN_QUOTED_INCLUDE_IN_FRAMEWORK_HEADER = YES;
				CLANG_WARN_RANGE_LOOP_ANALYSIS = YES;
				CLANG_WARN_STRICT_PROTOTYPES = YES;
				CLANG_WARN_SUSPICIOUS_MOVE = YES;
				CLANG_WARN_UNGUARDED_AVAILABILITY = YES_AGGRESSIVE;
				CLANG_WARN_UNREACHABLE_CODE = YES;
				CLANG_WARN__DUPLICATE_METHOD_MATCH = YES;
				COPY_PHASE_STRIP = NO;
				DEBUG_INFORMATION_FORMAT = dwarf;
				ENABLE_STRICT_OBJC_MSGSEND = YES;
				ENABLE_TESTABILITY = YES;
				ENABLE_USER_SCRIPT_SANDBOXING = YES;
				GCC_C_LANGUAGE_STANDARD = gnu17;
				GCC_DYNAMIC_NO_PIC = NO;
				GCC_NO_COMMON_BLOCKS = YES;
				GCC_OPTIMIZATION_LEVEL = 0;
				GCC_PREPROCESSOR_DEFINITIONS = (
					"DEBUG=1",
					"$(inherited)",
				);
				GCC_WARN_64_TO_32_BIT_CONVERSION = YES;
				GCC_WARN_ABOUT_RETURN_TYPE = YES_ERROR;
				GCC_WARN_UNDECLARED_SELECTOR = YES;
				GCC_WARN_UNINITIALIZED_AUTOS = YES_AGGRESSIVE;
				GCC_WARN_UNUSED_FUNCTION = YES;
				GCC_WARN_UNUSED_VARIABLE = YES;
				IPHONEOS_DEPLOYMENT_TARGET = 17.0;
				LOCALIZATION_PREFERS_STRING_CATALOGS = YES;
				MTL_ENABLE_DEBUG_INFO = INCLUDE_SOURCE;
				MTL_FAST_MATH = YES;
				ONLY_ACTIVE_ARCH = YES;
				SDKROOT = iphoneos;
				SWIFT_ACTIVE_COMPILATION_CONDITIONS = "DEBUG $(inherited)";
				SWIFT_OPTIMIZATION_LEVEL = "-Onone";
				SWIFT_STRICT_CONCURRENCY = complete;
				SWIFT_VERSION = 6.0;
			};
			name = Debug;
		};
		4843F3A02B32C18400CA5DA8 /* Release */ = {
			isa = XCBuildConfiguration;
			buildSettings = {
				ASSETCATALOG_COMPILER_GENERATE_SWIFT_ASSET_SYMBOL_EXTENSIONS = YES;
				CLANG_ANALYZER_NONNULL = YES;
				CLANG_ANALYZER_NUMBER_OBJECT_CONVERSION = YES_AGGRESSIVE;
				CLANG_CXX_LANGUAGE_STANDARD = "gnu++20";
				CLANG_ENABLE_MODULES = YES;
				CLANG_ENABLE_OBJC_ARC = YES;
				CLANG_ENABLE_OBJC_WEAK = YES;
				CLANG_WARN_BLOCK_CAPTURE_AUTORELEASING = YES;
				CLANG_WARN_BOOL_CONVERSION = YES;
				CLANG_WARN_COMMA = YES;
				CLANG_WARN_CONSTANT_CONVERSION = YES;
				CLANG_WARN_DEPRECATED_OBJC_IMPLEMENTATIONS = YES;
				CLANG_WARN_DIRECT_OBJC_ISA_USAGE = YES_ERROR;
				CLANG_WARN_DOCUMENTATION_COMMENTS = YES;
				CLANG_WARN_EMPTY_BODY = YES;
				CLANG_WARN_ENUM_CONVERSION = YES;
				CLANG_WARN_INFINITE_RECURSION = YES;
				CLANG_WARN_INT_CONVERSION = YES;
				CLANG_WARN_NON_LITERAL_NULL_CONVERSION = YES;
				CLANG_WARN_OBJC_IMPLICIT_RETAIN_SELF = YES;
				CLANG_WARN_OBJC_LITERAL_CONVERSION = YES;
				CLANG_WARN_OBJC_ROOT_CLASS = YES_ERROR;
				CLANG_WARN_QUOTED_INCLUDE_IN_FRAMEWORK_HEADER = YES;
				CLANG_WARN_RANGE_LOOP_ANALYSIS = YES;
				CLANG_WARN_STRICT_PROTOTYPES = YES;
				CLANG_WARN_SUSPICIOUS_MOVE = YES;
				CLANG_WARN_UNGUARDED_AVAILABILITY = YES_AGGRESSIVE;
				CLANG_WARN_UNREACHABLE_CODE = YES;
				CLANG_WARN__DUPLICATE_METHOD_MATCH = YES;
				COPY_PHASE_STRIP = NO;
				DEBUG_INFORMATION_FORMAT = "dwarf-with-dsym";
				ENABLE_NS_ASSERTIONS = NO;
				ENABLE_STRICT_OBJC_MSGSEND = YES;
				ENABLE_USER_SCRIPT_SANDBOXING = YES;
				GCC_C_LANGUAGE_STANDARD = gnu17;
				GCC_NO_COMMON_BLOCKS = YES;
				GCC_WARN_64_TO_32_BIT_CONVERSION = YES;
				GCC_WARN_ABOUT_RETURN_TYPE = YES_ERROR;
				GCC_WARN_UNDECLARED_SELECTOR = YES;
				GCC_WARN_UNINITIALIZED_AUTOS = YES_AGGRESSIVE;
				GCC_WARN_UNUSED_FUNCTION = YES;
				GCC_WARN_UNUSED_VARIABLE = YES;
				IPHONEOS_DEPLOYMENT_TARGET = 17.0;
				LOCALIZATION_PREFERS_STRING_CATALOGS = YES;
				MTL_ENABLE_DEBUG_INFO = NO;
				MTL_FAST_MATH = YES;
				SDKROOT = iphoneos;
				SWIFT_COMPILATION_MODE = wholemodule;
				SWIFT_STRICT_CONCURRENCY = complete;
				SWIFT_VERSION = 6.0;
				VALIDATE_PRODUCT = YES;
			};
			name = Release;
		};
		4843F3A22B32C18400CA5DA8 /* Debug */ = {
			isa = XCBuildConfiguration;
			buildSettings = {
				ASSETCATALOG_COMPILER_APPICON_NAME = AppIcon;
				ASSETCATALOG_COMPILER_GLOBAL_ACCENT_COLOR_NAME = AccentColor;
				CODE_SIGN_STYLE = Automatic;
				CURRENT_PROJECT_VERSION = 1;
				DEVELOPMENT_ASSET_PATHS = "\"GemTest/Preview Content\"";
				DEVELOPMENT_TEAM = 5PL8474KLR;
				ENABLE_PREVIEWS = YES;
				GENERATE_INFOPLIST_FILE = YES;
				INFOPLIST_KEY_UIApplicationSceneManifest_Generation = YES;
				INFOPLIST_KEY_UIApplicationSupportsIndirectInputEvents = YES;
				INFOPLIST_KEY_UILaunchScreen_Generation = YES;
				INFOPLIST_KEY_UISupportedInterfaceOrientations_iPad = "UIInterfaceOrientationPortrait UIInterfaceOrientationPortraitUpsideDown UIInterfaceOrientationLandscapeLeft UIInterfaceOrientationLandscapeRight";
				INFOPLIST_KEY_UISupportedInterfaceOrientations_iPhone = "UIInterfaceOrientationPortrait UIInterfaceOrientationLandscapeLeft UIInterfaceOrientationLandscapeRight";
				MARKETING_VERSION = 1.0;
				PRODUCT_BUNDLE_IDENTIFIER = gemwallet.GemTest;
				PRODUCT_NAME = "$(TARGET_NAME)";
				SWIFT_EMIT_LOC_STRINGS = YES;
				TARGETED_DEVICE_FAMILY = "1,2";
			};
			name = Debug;
		};
		4843F3A32B32C18400CA5DA8 /* Release */ = {
			isa = XCBuildConfiguration;
			buildSettings = {
				ASSETCATALOG_COMPILER_APPICON_NAME = AppIcon;
				ASSETCATALOG_COMPILER_GLOBAL_ACCENT_COLOR_NAME = AccentColor;
				CODE_SIGN_STYLE = Automatic;
				CURRENT_PROJECT_VERSION = 1;
				DEVELOPMENT_ASSET_PATHS = "\"GemTest/Preview Content\"";
				DEVELOPMENT_TEAM = 5PL8474KLR;
				ENABLE_PREVIEWS = YES;
				GENERATE_INFOPLIST_FILE = YES;
				INFOPLIST_KEY_UIApplicationSceneManifest_Generation = YES;
				INFOPLIST_KEY_UIApplicationSupportsIndirectInputEvents = YES;
				INFOPLIST_KEY_UILaunchScreen_Generation = YES;
				INFOPLIST_KEY_UISupportedInterfaceOrientations_iPad = "UIInterfaceOrientationPortrait UIInterfaceOrientationPortraitUpsideDown UIInterfaceOrientationLandscapeLeft UIInterfaceOrientationLandscapeRight";
				INFOPLIST_KEY_UISupportedInterfaceOrientations_iPhone = "UIInterfaceOrientationPortrait UIInterfaceOrientationLandscapeLeft UIInterfaceOrientationLandscapeRight";
				MARKETING_VERSION = 1.0;
				PRODUCT_BUNDLE_IDENTIFIER = gemwallet.GemTest;
				PRODUCT_NAME = "$(TARGET_NAME)";
				SWIFT_EMIT_LOC_STRINGS = YES;
				TARGETED_DEVICE_FAMILY = "1,2";
			};
			name = Release;
		};
		4843F3A52B32C18400CA5DA8 /* Debug */ = {
			isa = XCBuildConfiguration;
			buildSettings = {
				BUNDLE_LOADER = "$(TEST_HOST)";
				CODE_SIGN_STYLE = Automatic;
				CURRENT_PROJECT_VERSION = 1;
				GENERATE_INFOPLIST_FILE = YES;
				IPHONEOS_DEPLOYMENT_TARGET = 17.0;
				MARKETING_VERSION = 1.0;
				PRODUCT_BUNDLE_IDENTIFIER = gemwallet.GemTestTests;
				PRODUCT_NAME = "$(TARGET_NAME)";
				SWIFT_EMIT_LOC_STRINGS = NO;
				SWIFT_VERSION = 5.0;
				TARGETED_DEVICE_FAMILY = "1,2";
				TEST_HOST = "$(BUILT_PRODUCTS_DIR)/GemTest.app/$(BUNDLE_EXECUTABLE_FOLDER_PATH)/GemTest";
			};
			name = Debug;
		};
		4843F3A62B32C18400CA5DA8 /* Release */ = {
			isa = XCBuildConfiguration;
			buildSettings = {
				BUNDLE_LOADER = "$(TEST_HOST)";
				CODE_SIGN_STYLE = Automatic;
				CURRENT_PROJECT_VERSION = 1;
				GENERATE_INFOPLIST_FILE = YES;
				IPHONEOS_DEPLOYMENT_TARGET = 17.0;
				MARKETING_VERSION = 1.0;
				PRODUCT_BUNDLE_IDENTIFIER = gemwallet.GemTestTests;
				PRODUCT_NAME = "$(TARGET_NAME)";
				SWIFT_EMIT_LOC_STRINGS = NO;
				SWIFT_VERSION = 5.0;
				TARGETED_DEVICE_FAMILY = "1,2";
				TEST_HOST = "$(BUILT_PRODUCTS_DIR)/GemTest.app/$(BUNDLE_EXECUTABLE_FOLDER_PATH)/GemTest";
			};
			name = Release;
		};
/* End XCBuildConfiguration section */

/* Begin XCConfigurationList section */
		4843F3782B32C18300CA5DA8 /* Build configuration list for PBXProject "GemTest" */ = {
			isa = XCConfigurationList;
			buildConfigurations = (
				4843F39F2B32C18400CA5DA8 /* Debug */,
				4843F3A02B32C18400CA5DA8 /* Release */,
			);
			defaultConfigurationIsVisible = 0;
			defaultConfigurationName = Release;
		};
		4843F3A12B32C18400CA5DA8 /* Build configuration list for PBXNativeTarget "GemTest" */ = {
			isa = XCConfigurationList;
			buildConfigurations = (
				4843F3A22B32C18400CA5DA8 /* Debug */,
				4843F3A32B32C18400CA5DA8 /* Release */,
			);
			defaultConfigurationIsVisible = 0;
			defaultConfigurationName = Release;
		};
		4843F3A42B32C18400CA5DA8 /* Build configuration list for PBXNativeTarget "GemTestTests" */ = {
			isa = XCConfigurationList;
			buildConfigurations = (
				4843F3A52B32C18400CA5DA8 /* Debug */,
				4843F3A62B32C18400CA5DA8 /* Release */,
			);
			defaultConfigurationIsVisible = 0;
			defaultConfigurationName = Release;
		};
/* End XCConfigurationList section */

/* Begin XCLocalSwiftPackageReference section */
		4843F3AA2B32C1B300CA5DA8 /* XCLocalSwiftPackageReference "../../../target/spm" */ = {
			isa = XCLocalSwiftPackageReference;
			relativePath = ../../../target/spm;
		};
/* End XCLocalSwiftPackageReference section */

/* Begin XCSwiftPackageProductDependency section */
		4843F3AB2B32C1B300CA5DA8 /* Gemstone */ = {
			isa = XCSwiftPackageProductDependency;
			productName = Gemstone;
		};
/* End XCSwiftPackageProductDependency section */
	};
	rootObject = 4843F3752B32C18300CA5DA8 /* Project object */;
}
